
Microsoft Visual Studio Solution File, Format Version 12.00
# Visual Studio 15
VisualStudioVersion = 15.0.28307.572
MinimumVisualStudioVersion = 10.0.40219.1
Project("{FAE04EC0-301F-11D3-BF4B-00C04F79EFBC}") = "DataBase", "DataBase\DataBase.csproj", "{91330784-DBEF-4006-B530-389EA46563DC}"
EndProject
Global
	GlobalSection(SolutionConfigurationPlatforms) = preSolution
		Debug|Any CPU = Debug|Any CPU
		Release|Any CPU = Release|Any CPU
	EndGlobalSection
	GlobalSection(ProjectConfigurationPlatforms) = postSolution
		{91330784-DBEF-4006-B530-389EA46563DC}.Debug|Any CPU.ActiveCfg = Debug|Any CPU
		{91330784-DBEF-4006-B530-389EA46563DC}.Debug|Any CPU.Build.0 = Debug|Any CPU
		{91330784-DBEF-4006-B530-389EA46563DC}.Release|Any CPU.ActiveCfg = Release|Any CPU
		{91330784-DBEF-4006-B530-389EA46563DC}.Release|Any CPU.Build.0 = Release|Any CPU
	EndGlobalSection
	GlobalSection(SolutionProperties) = preSolution
		HideSolutionNode = FALSE
	EndGlobalSection
	GlobalSection(ExtensibilityGlobals) = postSolution
		SolutionGuid = {BE301ED5-E808-4F06-85E3-D61F110F49EC}
	EndGlobalSection
EndGlobal
